// !$*UTF8*$!
{
	archiveVersion = 1;
	classes = {
	};
	objectVersion = 46;
	objects = {

/* Begin PBXBuildFile section */
		6D177C791B46543B00B3AE4D /* main.m in Sources */ = {isa = PBXBuildFile; fileRef = 6D177C781B46543B00B3AE4D /* main.m */; };
		6D177C7C1B46543B00B3AE4D /* AppDelegate.m in Sources */ = {isa = PBXBuildFile; fileRef = 6D177C7B1B46543B00B3AE4D /* AppDelegate.m */; };
		6D177C7F1B46543B00B3AE4D /* ViewController.m in Sources */ = {isa = PBXBuildFile; fileRef = 6D177C7E1B46543B00B3AE4D /* ViewController.m */; };
		6D177C821B46543B00B3AE4D /* Main.storyboard in Resources */ = {isa = PBXBuildFile; fileRef = 6D177C801B46543B00B3AE4D /* Main.storyboard */; };
		6D177C841B46543B00B3AE4D /* Images.xcassets in Resources */ = {isa = PBXBuildFile; fileRef = 6D177C831B46543B00B3AE4D /* Images.xcassets */; };
		6D177C871B46543B00B3AE4D /* LaunchScreen.xib in Resources */ = {isa = PBXBuildFile; fileRef = 6D177C851B46543B00B3AE4D /* LaunchScreen.xib */; };
		6D177C931B46543B00B3AE4D /* T8SNViewControllerDemoTests.m in Sources */ = {isa = PBXBuildFile; fileRef = 6D177C921B46543B00B3AE4D /* T8SNViewControllerDemoTests.m */; };
/* End PBXBuildFile section */

/* Begin PBXContainerItemProxy section */
		6D177C8D1B46543B00B3AE4D /* PBXContainerItemProxy */ = {
			isa = PBXContainerItemProxy;
			containerPortal = 6D177C6B1B46543B00B3AE4D /* Project object */;
			proxyType = 1;
			remoteGlobalIDString = 6D177C721B46543B00B3AE4D;
			remoteInfo = T8SNViewControllerDemo;
		};
/* End PBXContainerItemProxy section */

/* Begin PBXFileReference section */
		6D177C731B46543B00B3AE4D /* T8SNViewControllerDemo.app */ = {isa = PBXFileReference; explicitFileType = wrapper.application; includeInIndex = 0; path = T8SNViewControllerDemo.app; sourceTree = BUILT_PRODUCTS_DIR; };
		6D177C771B46543B00B3AE4D /* Info.plist */ = {isa = PBXFileReference; lastKnownFileType = text.plist.xml; path = Info.plist; sourceTree = "<group>"; };
		6D177C781B46543B00B3AE4D /* main.m */ = {isa = PBXFileReference; lastKnownFileType = sourcecode.c.objc; path = main.m; sourceTree = "<group>"; };
		6D177C7A1B46543B00B3AE4D /* AppDelegate.h */ = {isa = PBXFileReference; lastKnownFileType = sourcecode.c.h; path = AppDelegate.h; sourceTree = "<group>"; };
		6D177C7B1B46543B00B3AE4D /* AppDelegate.m */ = {isa = PBXFileReference; lastKnownFileType = sourcecode.c.objc; path = AppDelegate.m; sourceTree = "<group>"; };
		6D177C7D1B46543B00B3AE4D /* ViewController.h */ = {isa = PBXFileReference; lastKnownFileType = sourcecode.c.h; path = ViewController.h; sourceTree = "<group>"; };
		6D177C7E1B46543B00B3AE4D /* ViewController.m */ = {isa = PBXFileReference; lastKnownFileType = sourcecode.c.objc; path = ViewController.m; sourceTree = "<group>"; };
		6D177C811B46543B00B3AE4D /* Base */ = {isa = PBXFileReference; lastKnownFileType = file.storyboard; name = Base; path = Base.lproj/Main.storyboard; sourceTree = "<group>"; };
		6D177C831B46543B00B3AE4D /* Images.xcassets */ = {isa = PBXFileReference; lastKnownFileType = folder.assetcatalog; path = Images.xcassets; sourceTree = "<group>"; };
		6D177C861B46543B00B3AE4D /* Base */ = {isa = PBXFileReference; lastKnownFileType = file.xib; name = Base; path = Base.lproj/LaunchScreen.xib; sourceTree = "<group>"; };
		6D177C8C1B46543B00B3AE4D /* T8SNViewControllerDemoTests.xctest */ = {isa = PBXFileReference; explicitFileType = wrapper.cfbundle; includeInIndex = 0; path = T8SNViewControllerDemoTests.xctest; sourceTree = BUILT_PRODUCTS_DIR; };
		6D177C911B46543B00B3AE4D /* Info.plist */ = {isa = PBXFileReference; lastKnownFileType = text.plist.xml; path = Info.plist; sourceTree = "<group>"; };
		6D177C921B46543B00B3AE4D /* T8SNViewControllerDemoTests.m */ = {isa = PBXFileReference; lastKnownFileType = sourcecode.c.objc; path = T8SNViewControllerDemoTests.m; sourceTree = "<group>"; };
/* End PBXFileReference section */

/* Begin PBXFrameworksBuildPhase section */
		6D177C701B46543B00B3AE4D /* Frameworks */ = {
			isa = PBXFrameworksBuildPhase;
			buildActionMask = 2147483647;
			files = (
			);
			runOnlyForDeploymentPostprocessing = 0;
		};
		6D177C891B46543B00B3AE4D /* Frameworks */ = {
			isa = PBXFrameworksBuildPhase;
			buildActionMask = 2147483647;
			files = (
			);
			runOnlyForDeploymentPostprocessing = 0;
		};
/* End PBXFrameworksBuildPhase section */

/* Begin PBXGroup section */
		6D177C6A1B46543B00B3AE4D = {
			isa = PBXGroup;
			children = (
				6D177C751B46543B00B3AE4D /* T8SNViewControllerDemo */,
				6D177C8F1B46543B00B3AE4D /* T8SNViewControllerDemoTests */,
				6D177C741B46543B00B3AE4D /* Products */,
			);
			sourceTree = "<group>";
		};
		6D177C741B46543B00B3AE4D /* Products */ = {
			isa = PBXGroup;
			children = (
				6D177C731B46543B00B3AE4D /* T8SNViewControllerDemo.app */,
				6D177C8C1B46543B00B3AE4D /* T8SNViewControllerDemoTests.xctest */,
			);
			name = Products;
			sourceTree = "<group>";
		};
		6D177C751B46543B00B3AE4D /* T8SNViewControllerDemo */ = {
			isa = PBXGroup;
			children = (
				6D177C7A1B46543B00B3AE4D /* AppDelegate.h */,
				6D177C7B1B46543B00B3AE4D /* AppDelegate.m */,
				6D177C7D1B46543B00B3AE4D /* ViewController.h */,
				6D177C7E1B46543B00B3AE4D /* ViewController.m */,
				6D177C801B46543B00B3AE4D /* Main.storyboard */,
				6D177C831B46543B00B3AE4D /* Images.xcassets */,
				6D177C851B46543B00B3AE4D /* LaunchScreen.xib */,
				6D177C761B46543B00B3AE4D /* Supporting Files */,
			);
			path = T8SNViewControllerDemo;
			sourceTree = "<group>";
		};
		6D177C761B46543B00B3AE4D /* Supporting Files */ = {
			isa = PBXGroup;
			children = (
				6D177C771B46543B00B3AE4D /* Info.plist */,
				6D177C781B46543B00B3AE4D /* main.m */,
			);
			name = "Supporting Files";
			sourceTree = "<group>";
		};
		6D177C8F1B46543B00B3AE4D /* T8SNViewControllerDemoTests */ = {
			isa = PBXGroup;
			children = (
				6D177C921B46543B00B3AE4D /* T8SNViewControllerDemoTests.m */,
				6D177C901B46543B00B3AE4D /* Supporting Files */,
			);
			path = T8SNViewControllerDemoTests;
			sourceTree = "<group>";
		};
		6D177C901B46543B00B3AE4D /* Supporting Files */ = {
			isa = PBXGroup;
			children = (
				6D177C911B46543B00B3AE4D /* Info.plist */,
			);
			name = "Supporting Files";
			sourceTree = "<group>";
		};
/* End PBXGroup section */

/* Begin PBXNativeTarget section */
		6D177C721B46543B00B3AE4D /* T8SNViewControllerDemo */ = {
			isa = PBXNativeTarget;
			buildConfigurationList = 6D177C961B46543B00B3AE4D /* Build configuration list for PBXNativeTarget "T8SNViewControllerDemo" */;
			buildPhases = (
				6D177C6F1B46543B00B3AE4D /* Sources */,
				6D177C701B46543B00B3AE4D /* Frameworks */,
				6D177C711B46543B00B3AE4D /* Resources */,
			);
			buildRules = (
			);
			dependencies = (
			);
			name = T8SNViewControllerDemo;
			productName = T8SNViewControllerDemo;
			productReference = 6D177C731B46543B00B3AE4D /* T8SNViewControllerDemo.app */;
			productType = "com.apple.product-type.application";
		};
		6D177C8B1B46543B00B3AE4D /* T8SNViewControllerDemoTests */ = {
			isa = PBXNativeTarget;
			buildConfigurationList = 6D177C991B46543B00B3AE4D /* Build configuration list for PBXNativeTarget "T8SNViewControllerDemoTests" */;
			buildPhases = (
				6D177C881B46543B00B3AE4D /* Sources */,
				6D177C891B46543B00B3AE4D /* Frameworks */,
				6D177C8A1B46543B00B3AE4D /* Resources */,
			);
			buildRules = (
			);
			dependencies = (
				6D177C8E1B46543B00B3AE4D /* PBXTargetDependency */,
			);
			name = T8SNViewControllerDemoTests;
			productName = T8SNViewControllerDemoTests;
			productReference = 6D177C8C1B46543B00B3AE4D /* T8SNViewControllerDemoTests.xctest */;
			productType = "com.apple.product-type.bundle.unit-test";
		};
/* End PBXNativeTarget section */

/* Begin PBXProject section */
		6D177C6B1B46543B00B3AE4D /* Project object */ = {
			isa = PBXProject;
			attributes = {
				LastUpgradeCheck = 0630;
				ORGANIZATIONNAME = t8;
				TargetAttributes = {
					6D177C721B46543B00B3AE4D = {
						CreatedOnToolsVersion = 6.3.2;
					};
					6D177C8B1B46543B00B3AE4D = {
						CreatedOnToolsVersion = 6.3.2;
						TestTargetID = 6D177C721B46543B00B3AE4D;
					};
				};
			};
			buildConfigurationList = 6D177C6E1B46543B00B3AE4D /* Build configuration list for PBXProject "T8SNViewControllerDemo" */;
			compatibilityVersion = "Xcode 3.2";
			developmentRegion = English;
			hasScannedForEncodings = 0;
			knownRegions = (
				en,
				Base,
			);
			mainGroup = 6D177C6A1B46543B00B3AE4D;
			productRefGroup = 6D177C741B46543B00B3AE4D /* Products */;
			projectDirPath = "";
			projectRoot = "";
			targets = (
				6D177C721B46543B00B3AE4D /* T8SNViewControllerDemo */,
				6D177C8B1B46543B00B3AE4D /* T8SNViewControllerDemoTests */,
			);
		};
/* End PBXProject section */

/* Begin PBXResourcesBuildPhase section */
		6D177C711B46543B00B3AE4D /* Resources */ = {
			isa = PBXResourcesBuildPhase;
			buildActionMask = 2147483647;
			files = (
				6D177C821B46543B00B3AE4D /* Main.storyboard in Resources */,
				6D177C871B46543B00B3AE4D /* LaunchScreen.xib in Resources */,
				6D177C841B46543B00B3AE4D /* Images.xcassets in Resources */,
			);
			runOnlyForDeploymentPostprocessing = 0;
		};
		6D177C8A1B46543B00B3AE4D /* Resources */ = {
			isa = PBXResourcesBuildPhase;
			buildActionMask = 2147483647;
			files = (
			);
			runOnlyForDeploymentPostprocessing = 0;
		};
/* End PBXResourcesBuildPhase section */

/* Begin PBXSourcesBuildPhase section */
		6D177C6F1B46543B00B3AE4D /* Sources */ = {
			isa = PBXSourcesBuildPhase;
			buildActionMask = 2147483647;
			files = (
				6D177C7F1B46543B00B3AE4D /* ViewController.m in Sources */,
				6D177C7C1B46543B00B3AE4D /* AppDelegate.m in Sources */,
				6D177C791B46543B00B3AE4D /* main.m in Sources */,
			);
			runOnlyForDeploymentPostprocessing = 0;
		};
		6D177C881B46543B00B3AE4D /* Sources */ = {
			isa = PBXSourcesBuildPhase;
			buildActionMask = 2147483647;
			files = (
				6D177C931B46543B00B3AE4D /* T8SNViewControllerDemoTests.m in Sources */,
			);
			runOnlyForDeploymentPostprocessing = 0;
		};
/* End PBXSourcesBuildPhase section */

/* Begin PBXTargetDependency section */
		6D177C8E1B46543B00B3AE4D /* PBXTargetDependency */ = {
			isa = PBXTargetDependency;
			target = 6D177C721B46543B00B3AE4D /* T8SNViewControllerDemo */;
			targetProxy = 6D177C8D1B46543B00B3AE4D /* PBXContainerItemProxy */;
		};
/* End PBXTargetDependency section */

/* Begin PBXVariantGroup section */
		6D177C801B46543B00B3AE4D /* Main.storyboard */ = {
			isa = PBXVariantGroup;
			children = (
				6D177C811B46543B00B3AE4D /* Base */,
			);
			name = Main.storyboard;
			sourceTree = "<group>";
		};
		6D177C851B46543B00B3AE4D /* LaunchScreen.xib */ = {
			isa = PBXVariantGroup;
			children = (
				6D177C861B46543B00B3AE4D /* Base */,
			);
			name = LaunchScreen.xib;
			sourceTree = "<group>";
		};
/* End PBXVariantGroup section */

/* Begin XCBuildConfiguration section */
		6D177C941B46543B00B3AE4D /* Debug */ = {
			isa = XCBuildConfiguration;
			buildSettings = {
				ALWAYS_SEARCH_USER_PATHS = NO;
				CLANG_CXX_LANGUAGE_STANDARD = "gnu++0x";
				CLANG_CXX_LIBRARY = "libc++";
				CLANG_ENABLE_MODULES = YES;
				CLANG_ENABLE_OBJC_ARC = YES;
				CLANG_WARN_BOOL_CONVERSION = YES;
				CLANG_WARN_CONSTANT_CONVERSION = YES;
				CLANG_WARN_DIRECT_OBJC_ISA_USAGE = YES_ERROR;
				CLANG_WARN_EMPTY_BODY = YES;
				CLANG_WARN_ENUM_CONVERSION = YES;
				CLANG_WARN_INT_CONVERSION = YES;
				CLANG_WARN_OBJC_ROOT_CLASS = YES_ERROR;
				CLANG_WARN_UNREACHABLE_CODE = YES;
				CLANG_WARN__DUPLICATE_METHOD_MATCH = YES;
				"CODE_SIGN_IDENTITY[sdk=iphoneos*]" = "iPhone Developer";
				COPY_PHASE_STRIP = NO;
				DEBUG_INFORMATION_FORMAT = "dwarf-with-dsym";
				ENABLE_STRICT_OBJC_MSGSEND = YES;
				GCC_C_LANGUAGE_STANDARD = gnu99;
				GCC_DYNAMIC_NO_PIC = NO;
				GCC_NO_COMMON_BLOCKS = YES;
				GCC_OPTIMIZATION_LEVEL = 0;
				GCC_PREPROCESSOR_DEFINITIONS = (
					"DEBUG=1",
					"$(inherited)",
				);
				GCC_SYMBOLS_PRIVATE_EXTERN = NO;
				GCC_WARN_64_TO_32_BIT_CONVERSION = YES;
				GCC_WARN_ABOUT_RETURN_TYPE = YES_ERROR;
				GCC_WARN_UNDECLARED_SELECTOR = YES;
				GCC_WARN_UNINITIALIZED_AUTOS = YES_AGGRESSIVE;
				GCC_WARN_UNUSED_FUNCTION = YES;
				GCC_WARN_UNUSED_VARIABLE = YES;
				IPHONEOS_DEPLOYMENT_TARGET = 8.3;
				MTL_ENABLE_DEBUG_INFO = YES;
				ONLY_ACTIVE_ARCH = YES;
				SDKROOT = iphoneos;
			};
			name = Debug;
		};
		6D177C951B46543B00B3AE4D /* Release */ = {
			isa = XCBuildConfiguration;
			buildSettings = {
				ALWAYS_SEARCH_USER_PATHS = NO;
				CLANG_CXX_LANGUAGE_STANDARD = "gnu++0x";
				CLANG_CXX_LIBRARY = "libc++";
				CLANG_ENABLE_MODULES = YES;
				CLANG_ENABLE_OBJC_ARC = YES;
				CLANG_WARN_BOOL_CONVERSION = YES;
				CLANG_WARN_CONSTANT_CONVERSION = YES;
				CLANG_WARN_DIRECT_OBJC_ISA_USAGE = YES_ERROR;
				CLANG_WARN_EMPTY_BODY = YES;
				CLANG_WARN_ENUM_CONVERSION = YES;
				CLANG_WARN_INT_CONVERSION = YES;
				CLANG_WARN_OBJC_ROOT_CLASS = YES_ERROR;
				CLANG_WARN_UNREACHABLE_CODE = YES;
				CLANG_WARN__DUPLICATE_METHOD_MATCH = YES;
				"CODE_SIGN_IDENTITY[sdk=iphoneos*]" = "iPhone Developer";
				COPY_PHASE_STRIP = NO;
				DEBUG_INFORMATION_FORMAT = "dwarf-with-dsym";
				ENABLE_NS_ASSERTIONS = NO;
				ENABLE_STRICT_OBJC_MSGSEND = YES;
				GCC_C_LANGUAGE_STANDARD = gnu99;
				GCC_NO_COMMON_BLOCKS = YES;
				GCC_WARN_64_TO_32_BIT_CONVERSION = YES;
				GCC_WARN_ABOUT_RETURN_TYPE = YES_ERROR;
				GCC_WARN_UNDECLARED_SELECTOR = YES;
				GCC_WARN_UNINITIALIZED_AUTOS = YES_AGGRESSIVE;
				GCC_WARN_UNUSED_FUNCTION = YES;
				GCC_WARN_UNUSED_VARIABLE = YES;
				IPHONEOS_DEPLOYMENT_TARGET = 8.3;
				MTL_ENABLE_DEBUG_INFO = NO;
				SDKROOT = iphoneos;
				VALIDATE_PRODUCT = YES;
			};
			name = Release;
		};
		6D177C971B46543B00B3AE4D /* Debug */ = {
			isa = XCBuildConfiguration;
			buildSettings = {
				ASSETCATALOG_COMPILER_APPICON_NAME = AppIcon;
				INFOPLIST_FILE = T8SNViewControllerDemo/Info.plist;
				LD_RUNPATH_SEARCH_PATHS = "$(inherited) @executable_path/Frameworks";
				PRODUCT_NAME = "$(TARGET_NAME)";
			};
			name = Debug;
		};
		6D177C981B46543B00B3AE4D /* Release */ = {
			isa = XCBuildConfiguration;
			buildSettings = {
				ASSETCATALOG_COMPILER_APPICON_NAME = AppIcon;
				INFOPLIST_FILE = T8SNViewControllerDemo/Info.plist;
				LD_RUNPATH_SEARCH_PATHS = "$(inherited) @executable_path/Frameworks";
				PRODUCT_NAME = "$(TARGET_NAME)";
			};
			name = Release;
		};
		6D177C9A1B46543B00B3AE4D /* Debug */ = {
			isa = XCBuildConfiguration;
			buildSettings = {
				BUNDLE_LOADER = "$(TEST_HOST)";
				FRAMEWORK_SEARCH_PATHS = (
					"$(SDKROOT)/Developer/Library/Frameworks",
					"$(inherited)",
				);
				GCC_PREPROCESSOR_DEFINITIONS = (
					"DEBUG=1",
					"$(inherited)",
				);
				INFOPLIST_FILE = T8SNViewControllerDemoTests/Info.plist;
				LD_RUNPATH_SEARCH_PATHS = "$(inherited) @executable_path/Frameworks @loader_path/Frameworks";
				PRODUCT_NAME = "$(TARGET_NAME)";
				TEST_HOST = "$(BUILT_PRODUCTS_DIR)/T8SNViewControllerDemo.app/T8SNViewControllerDemo";
			};
			name = Debug;
		};
		6D177C9B1B46543B00B3AE4D /* Release */ = {
			isa = XCBuildConfiguration;
			buildSettings = {
				BUNDLE_LOADER = "$(TEST_HOST)";
				FRAMEWORK_SEARCH_PATHS = (
					"$(SDKROOT)/Developer/Library/Frameworks",
					"$(inherited)",
				);
				INFOPLIST_FILE = T8SNViewControllerDemoTests/Info.plist;
				LD_RUNPATH_SEARCH_PATHS = "$(inherited) @executable_path/Frameworks @loader_path/Frameworks";
				PRODUCT_NAME = "$(TARGET_NAME)";
				TEST_HOST = "$(BUILT_PRODUCTS_DIR)/T8SNViewControllerDemo.app/T8SNViewControllerDemo";
			};
			name = Release;
		};
/* End XCBuildConfiguration section */

/* Begin XCConfigurationList section */
		6D177C6E1B46543B00B3AE4D /* Build configuration list for PBXProject "T8SNViewControllerDemo" */ = {
			isa = XCConfigurationList;
			buildConfigurations = (
				6D177C941B46543B00B3AE4D /* Debug */,
				6D177C951B46543B00B3AE4D /* Release */,
			);
			defaultConfigurationIsVisible = 0;
			defaultConfigurationName = Release;
		};
		6D177C961B46543B00B3AE4D /* Build configuration list for PBXNativeTarget "T8SNViewControllerDemo" */ = {
			isa = XCConfigurationList;
			buildConfigurations = (
				6D177C971B46543B00B3AE4D /* Debug */,
				6D177C981B46543B00B3AE4D /* Release */,
			);
			defaultConfigurationIsVisible = 0;
		};
		6D177C991B46543B00B3AE4D /* Build configuration list for PBXNativeTarget "T8SNViewControllerDemoTests" */ = {
			isa = XCConfigurationList;
			buildConfigurations = (
				6D177C9A1B46543B00B3AE4D /* Debug */,
				6D177C9B1B46543B00B3AE4D /* Release */,
			);
			defaultConfigurationIsVisible = 0;
		};
/* End XCConfigurationList section */
	};
	rootObject = 6D177C6B1B46543B00B3AE4D /* Project object */;
}
